
Microsoft Visual Studio Solution File, Format Version 12.00
# Visual Studio Version 16
VisualStudioVersion = 16.0.31702.278
MinimumVisualStudioVersion = 10.0.40219.1
Project("{FAE04EC0-301F-11D3-BF4B-00C04F79EFBC}") = "Lab7App1", "Lab7App1\Lab7App1.csproj", "{5965A60A-2EFA-4494-9E68-47F814B963F9}"
EndProject
Project("{FAE04EC0-301F-11D3-BF4B-00C04F79EFBC}") = "Lab7App2", "Lab7App2\Lab7App2.csproj", "{B25C08B2-89D9-4E9D-8027-91EBF4116215}"
EndProject
Global
	GlobalSection(SolutionConfigurationPlatforms) = preSolution
		Debug|Any CPU = Debug|Any CPU
		Release|Any CPU = Release|Any CPU
	EndGlobalSection
	GlobalSection(ProjectConfigurationPlatforms) = postSolution
		{5965A60A-2EFA-4494-9E68-47F814B963F9}.Debug|Any CPU.ActiveCfg = Debug|Any CPU
		{5965A60A-2EFA-4494-9E68-47F814B963F9}.Debug|Any CPU.Build.0 = Debug|Any CPU
		{5965A60A-2EFA-4494-9E68-47F814B963F9}.Release|Any CPU.ActiveCfg = Release|Any CPU
		{5965A60A-2EFA-4494-9E68-47F814B963F9}.Release|Any CPU.Build.0 = Release|Any CPU
		{B25C08B2-89D9-4E9D-8027-91EBF4116215}.Debug|Any CPU.ActiveCfg = Debug|Any CPU
		{B25C08B2-89D9-4E9D-8027-91EBF4116215}.Debug|Any CPU.Build.0 = Debug|Any CPU
		{B25C08B2-89D9-4E9D-8027-91EBF4116215}.Release|Any CPU.ActiveCfg = Release|Any CPU
		{B25C08B2-89D9-4E9D-8027-91EBF4116215}.Release|Any CPU.Build.0 = Release|Any CPU
	EndGlobalSection
	GlobalSection(SolutionProperties) = preSolution
		HideSolutionNode = FALSE
	EndGlobalSection
	GlobalSection(ExtensibilityGlobals) = postSolution
		SolutionGuid = {F1F8DC2F-3246-4149-BF68-3FDBF5785162}
	EndGlobalSection
EndGlobal
